
Microsoft Visual Studio Solution File, Format Version 12.00
# Visual Studio Version 16
VisualStudioVersion = 16.0.29806.167
MinimumVisualStudioVersion = 10.0.40219.1
Project("{9A19103F-16F7-4668-BE54-9A1E7A4F7556}") = "EpicBattleFantasyUltimate", "EpicBattleFantasyUltimate.csproj", "{BCA80A9F-2A3E-4D28-84EB-FCC3645CA3DF}"
EndProject
Project("{2150E333-8FDC-42A3-9474-1A3956D46DE8}") = "Solution Items", "Solution Items", "{F6727184-1EA0-4C8F-A05B-1E3E428805F5}"
	ProjectSection(SolutionItems) = preProject
		.editorconfig = .editorconfig
	EndProjectSection
EndProject
Global
	GlobalSection(SolutionConfigurationPlatforms) = preSolution
		Debug|Any CPU = Debug|Any CPU
		Release|Any CPU = Release|Any CPU
	EndGlobalSection
	GlobalSection(ProjectConfigurationPlatforms) = postSolution
		{BCA80A9F-2A3E-4D28-84EB-FCC3645CA3DF}.Debug|Any CPU.ActiveCfg = Debug|Any CPU
		{BCA80A9F-2A3E-4D28-84EB-FCC3645CA3DF}.Debug|Any CPU.Build.0 = Debug|Any CPU
		{BCA80A9F-2A3E-4D28-84EB-FCC3645CA3DF}.Release|Any CPU.ActiveCfg = Release|Any CPU
		{BCA80A9F-2A3E-4D28-84EB-FCC3645CA3DF}.Release|Any CPU.Build.0 = Release|Any CPU
	EndGlobalSection
	GlobalSection(SolutionProperties) = preSolution
		HideSolutionNode = FALSE
	EndGlobalSection
	GlobalSection(ExtensibilityGlobals) = postSolution
		SolutionGuid = {8A917836-3528-41C6-A05B-83B3ECB52ACF}
	EndGlobalSection
EndGlobal
